
Microsoft Visual Studio Solution File, Format Version 12.00
# Visual Studio 15
VisualStudioVersion = 15.0.27130.2036
MinimumVisualStudioVersion = 10.0.40219.1
Project("{FAE04EC0-301F-11D3-BF4B-00C04F79EFBC}") = "MoviesWareHouseApp", "MoviesWareHouseApp\MoviesWareHouseApp.csproj", "{C14C5990-2223-430D-A439-E7935FAAB896}"
EndProject
Global
	GlobalSection(SolutionConfigurationPlatforms) = preSolution
		Debug|Any CPU = Debug|Any CPU
		Release|Any CPU = Release|Any CPU
	EndGlobalSection
	GlobalSection(ProjectConfigurationPlatforms) = postSolution
		{C14C5990-2223-430D-A439-E7935FAAB896}.Debug|Any CPU.ActiveCfg = Debug|Any CPU
		{C14C5990-2223-430D-A439-E7935FAAB896}.Debug|Any CPU.Build.0 = Debug|Any CPU
		{C14C5990-2223-430D-A439-E7935FAAB896}.Release|Any CPU.ActiveCfg = Release|Any CPU
		{C14C5990-2223-430D-A439-E7935FAAB896}.Release|Any CPU.Build.0 = Release|Any CPU
	EndGlobalSection
	GlobalSection(SolutionProperties) = preSolution
		HideSolutionNode = FALSE
	EndGlobalSection
	GlobalSection(ExtensibilityGlobals) = postSolution
		SolutionGuid = {C6902DA9-6215-4B64-BC10-B04131D133B2}
	EndGlobalSection
EndGlobal
